
Microsoft Visual Studio Solution File, Format Version 12.00
# Visual Studio Version 16
VisualStudioVersion = 16.0.30804.86
MinimumVisualStudioVersion = 10.0.40219.1
Project("{FAE04EC0-301F-11D3-BF4B-00C04F79EFBC}") = "burgers", "burgers\burgers.csproj", "{D866608E-FF07-43BE-BFA9-7C5A9A092541}"
EndProject
Global
	GlobalSection(SolutionConfigurationPlatforms) = preSolution
		Debug|Any CPU = Debug|Any CPU
		Release|Any CPU = Release|Any CPU
	EndGlobalSection
	GlobalSection(ProjectConfigurationPlatforms) = postSolution
		{D866608E-FF07-43BE-BFA9-7C5A9A092541}.Debug|Any CPU.ActiveCfg = Debug|Any CPU
		{D866608E-FF07-43BE-BFA9-7C5A9A092541}.Debug|Any CPU.Build.0 = Debug|Any CPU
		{D866608E-FF07-43BE-BFA9-7C5A9A092541}.Release|Any CPU.ActiveCfg = Release|Any CPU
		{D866608E-FF07-43BE-BFA9-7C5A9A092541}.Release|Any CPU.Build.0 = Release|Any CPU
	EndGlobalSection
	GlobalSection(SolutionProperties) = preSolution
		HideSolutionNode = FALSE
	EndGlobalSection
	GlobalSection(ExtensibilityGlobals) = postSolution
		SolutionGuid = {7CDBE932-B04A-4F73-B51B-8EFD1452E118}
	EndGlobalSection
EndGlobal
